
Microsoft Visual Studio Solution File, Format Version 12.00
# Visual Studio Version 17
VisualStudioVersion = 17.9.34723.18
MinimumVisualStudioVersion = 10.0.40219.1
Project("{9A19103F-16F7-4668-BE54-9A1E7A4F7556}") = "FizzBuzzTests", "tests\FizzBuzzTests\FizzBuzzTests.csproj", "{276D7B0F-469F-43CF-A93D-29276E36BE6D}"
EndProject
Project("{9A19103F-16F7-4668-BE54-9A1E7A4F7556}") = "FizzBuzz", "src\FizzBuzz.csproj", "{243EE846-DDC2-4114-873A-30EBF90938D9}"
EndProject
Global
	GlobalSection(SolutionConfigurationPlatforms) = preSolution
		Debug|Any CPU = Debug|Any CPU
		Release|Any CPU = Release|Any CPU
	EndGlobalSection
	GlobalSection(ProjectConfigurationPlatforms) = postSolution
		{276D7B0F-469F-43CF-A93D-29276E36BE6D}.Debug|Any CPU.ActiveCfg = Debug|Any CPU
		{276D7B0F-469F-43CF-A93D-29276E36BE6D}.Debug|Any CPU.Build.0 = Debug|Any CPU
		{276D7B0F-469F-43CF-A93D-29276E36BE6D}.Release|Any CPU.ActiveCfg = Release|Any CPU
		{276D7B0F-469F-43CF-A93D-29276E36BE6D}.Release|Any CPU.Build.0 = Release|Any CPU
		{243EE846-DDC2-4114-873A-30EBF90938D9}.Debug|Any CPU.ActiveCfg = Debug|Any CPU
		{243EE846-DDC2-4114-873A-30EBF90938D9}.Debug|Any CPU.Build.0 = Debug|Any CPU
		{243EE846-DDC2-4114-873A-30EBF90938D9}.Release|Any CPU.ActiveCfg = Release|Any CPU
		{243EE846-DDC2-4114-873A-30EBF90938D9}.Release|Any CPU.Build.0 = Release|Any CPU
	EndGlobalSection
	GlobalSection(SolutionProperties) = preSolution
		HideSolutionNode = FALSE
	EndGlobalSection
	GlobalSection(ExtensibilityGlobals) = postSolution
		SolutionGuid = {A5704BBB-31FD-4199-80C6-3EC97526F405}
	EndGlobalSection
EndGlobal
